
Microsoft Visual Studio Solution File, Format Version 12.00
# Visual Studio Version 16
VisualStudioVersion = 16.0.31129.286
MinimumVisualStudioVersion = 10.0.40219.1
Project("{FAE04EC0-301F-11D3-BF4B-00C04F79EFBC}") = "Pamokos1", "Pamokos1\Pamokos1.csproj", "{4EB95C57-9DE6-4C3D-B1FD-E9B924DB41BC}"
EndProject
Global
	GlobalSection(SolutionConfigurationPlatforms) = preSolution
		Debug|Any CPU = Debug|Any CPU
		Release|Any CPU = Release|Any CPU
	EndGlobalSection
	GlobalSection(ProjectConfigurationPlatforms) = postSolution
		{4EB95C57-9DE6-4C3D-B1FD-E9B924DB41BC}.Debug|Any CPU.ActiveCfg = Debug|Any CPU
		{4EB95C57-9DE6-4C3D-B1FD-E9B924DB41BC}.Debug|Any CPU.Build.0 = Debug|Any CPU
		{4EB95C57-9DE6-4C3D-B1FD-E9B924DB41BC}.Release|Any CPU.ActiveCfg = Release|Any CPU
		{4EB95C57-9DE6-4C3D-B1FD-E9B924DB41BC}.Release|Any CPU.Build.0 = Release|Any CPU
	EndGlobalSection
	GlobalSection(SolutionProperties) = preSolution
		HideSolutionNode = FALSE
	EndGlobalSection
	GlobalSection(ExtensibilityGlobals) = postSolution
		SolutionGuid = {948BC9EA-5809-4385-B5DA-29F184EA338F}
	EndGlobalSection
EndGlobal
